{
  "name": "dnse-automation-test",
  "version": "1.0.0",
  "lockfileVersion": 3,
  "requires": true,
  "packages": {
    "": {
      "name": "dnse-automation-test",
      "version": "1.0.0",
      "license": "ISC",
      "dependencies": {
        "@faker-js/faker": "^9.0.1",
        "jsonpath": "^1.1.1"
      },
      "devDependencies": {
        "@playwright/test": "^1.47.1",
        "@types/jsonpath": "^0.2.4",
        "@types/log4js": "^2.3.5",
        "@types/moment": "^2.13.0",
        "@types/node": "^22.5.5"
      }
    },
    "node_modules/@faker-js/faker": {
      "version": "9.0.1",
      "resolved": "https://registry.npmjs.org/@faker-js/faker/-/faker-9.0.1.tgz",
      "integrity": "sha512-4mDeYIgM3By7X6t5E6eYwLAa+2h4DeZDF7thhzIg6XB76jeEvMwadYAMCFJL/R4AnEBcAUO9+gL0vhy3s+qvZA==",
      "funding": [
        {
          "type": "opencollective",
          "url": "https://opencollective.com/fakerjs"
        }
      ],
      "engines": {
        "node": ">=18.0.0",
        "npm": ">=9.0.0"
      }
    },
    "node_modules/@playwright/test": {
      "version": "1.47.1",
      "resolved": "https://registry.npmjs.org/@playwright/test/-/test-1.47.1.tgz",
      "integrity": "sha512-dbWpcNQZ5nj16m+A5UNScYx7HX5trIy7g4phrcitn+Nk83S32EBX/CLU4hiF4RGKX/yRc93AAqtfaXB7JWBd4Q==",
      "dev": true,
      "dependencies": {
        "playwright": "1.47.1"
      },
      "bin": {
        "playwright": "cli.js"
      },
      "engines": {
        "node": ">=18"
      }
    },
    "node_modules/@types/jsonpath": {
      "version": "0.2.4",
      "resolved": "https://registry.npmjs.org/@types/jsonpath/-/jsonpath-0.2.4.tgz",
      "integrity": "sha512-K3hxB8Blw0qgW6ExKgMbXQv2UPZBoE2GqLpVY+yr7nMD2Pq86lsuIzyAaiQ7eMqFL5B6di6pxSkogLJEyEHoGA==",
      "dev": true
    },
    "node_modules/@types/log4js": {
      "version": "2.3.5",
      "resolved": "https://registry.npmjs.org/@types/log4js/-/log4js-2.3.5.tgz",
      "integrity": "sha512-SwF8LkSHqHy9A8GQ67NAYJiGl8zzP4Qtx65Wa+IOxDGdMHxKeoQZjg7m2M1erIT6VK0DYHpu2aTbdLkdkuMHjw==",
      "deprecated": "This is a stub types definition for log4js (https://github.com/nomiddlename/log4js-node). log4js provides its own type definitions, so you don't need @types/log4js installed!",
      "dev": true,
      "dependencies": {
        "log4js": "*"
      }
    },
    "node_modules/@types/moment": {
      "version": "2.13.0",
      "resolved": "https://registry.npmjs.org/@types/moment/-/moment-2.13.0.tgz",
      "integrity": "sha512-DyuyYGpV6r+4Z1bUznLi/Y7HpGn4iQ4IVcGn8zrr1P4KotKLdH0sbK1TFR6RGyX6B+G8u83wCzL+bpawKU/hdQ==",
      "deprecated": "This is a stub types definition for Moment (https://github.com/moment/moment). Moment provides its own type definitions, so you don't need @types/moment installed!",
      "dev": true,
      "dependencies": {
        "moment": "*"
      }
    },
    "node_modules/@types/node": {
      "version": "22.5.5",
      "resolved": "https://registry.npmjs.org/@types/node/-/node-22.5.5.tgz",
      "integrity": "sha512-Xjs4y5UPO/CLdzpgR6GirZJx36yScjh73+2NlLlkFRSoQN8B0DpfXPdZGnvVmLRLOsqDpOfTNv7D9trgGhmOIA==",
      "dev": true,
      "dependencies": {
        "undici-types": "~6.19.2"
      }
    },
    "node_modules/date-format": {
      "version": "4.0.14",
      "resolved": "https://registry.npmjs.org/date-format/-/date-format-4.0.14.tgz",
      "integrity": "sha512-39BOQLs9ZjKh0/patS9nrT8wc3ioX3/eA/zgbKNopnF2wCqJEoxywwwElATYvRsXdnOxA/OQeQoFZ3rFjVajhg==",
      "dev": true,
      "engines": {
        "node": ">=4.0"
      }
    },
    "node_modules/debug": {
      "version": "4.3.7",
      "resolved": "https://registry.npmjs.org/debug/-/debug-4.3.7.tgz",
      "integrity": "sha512-Er2nc/H7RrMXZBFCEim6TCmMk02Z8vLC2Rbi1KEBggpo0fS6l0S1nnapwmIi3yW/+GOJap1Krg4w0Hg80oCqgQ==",
      "dev": true,
      "dependencies": {
        "ms": "^2.1.3"
      },
      "engines": {
        "node": ">=6.0"
      },
      "peerDependenciesMeta": {
        "supports-color": {
          "optional": true
        }
      }
    },
    "node_modules/deep-is": {
      "version": "0.1.4",
      "resolved": "https://registry.npmjs.org/deep-is/-/deep-is-0.1.4.tgz",
      "integrity": "sha512-oIPzksmTg4/MriiaYGO+okXDT7ztn/w3Eptv/+gSIdMdKsJo0u4CfYNFJPy+4SKMuCqGw2wxnA+URMg3t8a/bQ=="
    },
    "node_modules/escodegen": {
      "version": "1.14.3",
      "resolved": "https://registry.npmjs.org/escodegen/-/escodegen-1.14.3.tgz",
      "integrity": "sha512-qFcX0XJkdg+PB3xjZZG/wKSuT1PnQWx57+TVSjIMmILd2yC/6ByYElPwJnslDsuWuSAp4AwJGumarAAmJch5Kw==",
      "dependencies": {
        "esprima": "^4.0.1",
        "estraverse": "^4.2.0",
        "esutils": "^2.0.2",
        "optionator": "^0.8.1"
      },
      "bin": {
        "escodegen": "bin/escodegen.js",
        "esgenerate": "bin/esgenerate.js"
      },
      "engines": {
        "node": ">=4.0"
      },
      "optionalDependencies": {
        "source-map": "~0.6.1"
      }
    },
    "node_modules/escodegen/node_modules/esprima": {
      "version": "4.0.1",
      "resolved": "https://registry.npmjs.org/esprima/-/esprima-4.0.1.tgz",
      "integrity": "sha512-eGuFFw7Upda+g4p+QHvnW0RyTX/SVeJBDM/gCtMARO0cLuT2HcEKnTPvhjV6aGeqrCB/sbNop0Kszm0jsaWU4A==",
      "bin": {
        "esparse": "bin/esparse.js",
        "esvalidate": "bin/esvalidate.js"
      },
      "engines": {
        "node": ">=4"
      }
    },
    "node_modules/esprima": {
      "version": "1.2.2",
      "resolved": "https://registry.npmjs.org/esprima/-/esprima-1.2.2.tgz",
      "integrity": "sha512-+JpPZam9w5DuJ3Q67SqsMGtiHKENSMRVoxvArfJZK01/BfLEObtZ6orJa/MtoGNR/rfMgp5837T41PAmTwAv/A==",
      "bin": {
        "esparse": "bin/esparse.js",
        "esvalidate": "bin/esvalidate.js"
      },
      "engines": {
        "node": ">=0.4.0"
      }
    },
    "node_modules/estraverse": {
      "version": "4.3.0",
      "resolved": "https://registry.npmjs.org/estraverse/-/estraverse-4.3.0.tgz",
      "integrity": "sha512-39nnKffWz8xN1BU/2c79n9nB9HDzo0niYUqx6xyqUnyoAnQyyWpOTdZEeiCch8BBu515t4wp9ZmgVfVhn9EBpw==",
      "engines": {
        "node": ">=4.0"
      }
    },
    "node_modules/esutils": {
      "version": "2.0.3",
      "resolved": "https://registry.npmjs.org/esutils/-/esutils-2.0.3.tgz",
      "integrity": "sha512-kVscqXk4OCp68SZ0dkgEKVi6/8ij300KBWTJq32P/dYeWTSwK41WyTxalN1eRmA5Z9UU/LX9D7FWSmV9SAYx6g==",
      "engines": {
        "node": ">=0.10.0"
      }
    },
    "node_modules/fast-levenshtein": {
      "version": "2.0.6",
      "resolved": "https://registry.npmjs.org/fast-levenshtein/-/fast-levenshtein-2.0.6.tgz",
      "integrity": "sha512-DCXu6Ifhqcks7TZKY3Hxp3y6qphY5SJZmrWMDrKcERSOXWQdMhU9Ig/PYrzyw/ul9jOIyh0N4M0tbC5hodg8dw=="
    },
    "node_modules/flatted": {
      "version": "3.3.1",
      "resolved": "https://registry.npmjs.org/flatted/-/flatted-3.3.1.tgz",
      "integrity": "sha512-X8cqMLLie7KsNUDSdzeN8FYK9rEt4Dt67OsG/DNGnYTSDBG4uFAJFBnUeiV+zCVAvwFy56IjM9sH51jVaEhNxw==",
      "dev": true
    },
    "node_modules/fs-extra": {
      "version": "8.1.0",
      "resolved": "https://registry.npmjs.org/fs-extra/-/fs-extra-8.1.0.tgz",
      "integrity": "sha512-yhlQgA6mnOJUKOsRUFsgJdQCvkKhcz8tlZG5HBQfReYZy46OwLcY+Zia0mtdHsOo9y/hP+CxMN0TU9QxoOtG4g==",
      "dev": true,
      "dependencies": {
        "graceful-fs": "^4.2.0",
        "jsonfile": "^4.0.0",
        "universalify": "^0.1.0"
      },
      "engines": {
        "node": ">=6 <7 || >=8"
      }
    },
    "node_modules/fsevents": {
      "version": "2.3.2",
      "resolved": "https://registry.npmjs.org/fsevents/-/fsevents-2.3.2.tgz",
      "integrity": "sha512-xiqMQR4xAeHTuB9uWm+fFRcIOgKBMiOBP+eXiyT7jsgVCq1bkVygt00oASowB7EdtpOHaaPgKt812P9ab+DDKA==",
      "dev": true,
      "hasInstallScript": true,
      "optional": true,
      "os": [
        "darwin"
      ],
      "engines": {
        "node": "^8.16.0 || ^10.6.0 || >=11.0.0"
      }
    },
    "node_modules/graceful-fs": {
      "version": "4.2.11",
      "resolved": "https://registry.npmjs.org/graceful-fs/-/graceful-fs-4.2.11.tgz",
      "integrity": "sha512-RbJ5/jmFcNNCcDV5o9eTnBLJ/HszWV0P73bc+Ff4nS/rJj+YaS6IGyiOL0VoBYX+l1Wrl3k63h/KrH+nhJ0XvQ==",
      "dev": true
    },
    "node_modules/jsonfile": {
      "version": "4.0.0",
      "resolved": "https://registry.npmjs.org/jsonfile/-/jsonfile-4.0.0.tgz",
      "integrity": "sha512-m6F1R3z8jjlf2imQHS2Qez5sjKWQzbuuhuJ/FKYFRZvPE3PuHcSMVZzfsLhGVOkfd20obL5SWEBew5ShlquNxg==",
      "dev": true,
      "optionalDependencies": {
        "graceful-fs": "^4.1.6"
      }
    },
    "node_modules/jsonpath": {
      "version": "1.1.1",
      "resolved": "https://registry.npmjs.org/jsonpath/-/jsonpath-1.1.1.tgz",
      "integrity": "sha512-l6Cg7jRpixfbgoWgkrl77dgEj8RPvND0wMH6TwQmi9Qs4TFfS9u5cUFnbeKTwj5ga5Y3BTGGNI28k117LJ009w==",
      "dependencies": {
        "esprima": "1.2.2",
        "static-eval": "2.0.2",
        "underscore": "1.12.1"
      }
    },
    "node_modules/levn": {
      "version": "0.3.0",
      "resolved": "https://registry.npmjs.org/levn/-/levn-0.3.0.tgz",
      "integrity": "sha512-0OO4y2iOHix2W6ujICbKIaEQXvFQHue65vUG3pb5EUomzPI90z9hsA1VsO/dbIIpC53J8gxM9Q4Oho0jrCM/yA==",
      "dependencies": {
        "prelude-ls": "~1.1.2",
        "type-check": "~0.3.2"
      },
      "engines": {
        "node": ">= 0.8.0"
      }
    },
    "node_modules/log4js": {
      "version": "6.9.1",
      "resolved": "https://registry.npmjs.org/log4js/-/log4js-6.9.1.tgz",
      "integrity": "sha512-1somDdy9sChrr9/f4UlzhdaGfDR2c/SaD2a4T7qEkG4jTS57/B3qmnjLYePwQ8cqWnUHZI0iAKxMBpCZICiZ2g==",
      "dev": true,
      "dependencies": {
        "date-format": "^4.0.14",
        "debug": "^4.3.4",
        "flatted": "^3.2.7",
        "rfdc": "^1.3.0",
        "streamroller": "^3.1.5"
      },
      "engines": {
        "node": ">=8.0"
      }
    },
    "node_modules/moment": {
      "version": "2.30.1",
      "resolved": "https://registry.npmjs.org/moment/-/moment-2.30.1.tgz",
      "integrity": "sha512-uEmtNhbDOrWPFS+hdjFCBfy9f2YoyzRpwcl+DqpC6taX21FzsTLQVbMV/W7PzNSX6x/bhC1zA3c2UQ5NzH6how==",
      "dev": true,
      "engines": {
        "node": "*"
      }
    },
    "node_modules/ms": {
      "version": "2.1.3",
      "resolved": "https://registry.npmjs.org/ms/-/ms-2.1.3.tgz",
      "integrity": "sha512-6FlzubTLZG3J2a/NVCAleEhjzq5oxgHyaCU9yYXvcLsvoVaHJq/s5xXI6/XXP6tz7R9xAOtHnSO/tXtF3WRTlA==",
      "dev": true
    },
    "node_modules/optionator": {
      "version": "0.8.3",
      "resolved": "https://registry.npmjs.org/optionator/-/optionator-0.8.3.tgz",
      "integrity": "sha512-+IW9pACdk3XWmmTXG8m3upGUJst5XRGzxMRjXzAuJ1XnIFNvfhjjIuYkDvysnPQ7qzqVzLt78BCruntqRhWQbA==",
      "dependencies": {
        "deep-is": "~0.1.3",
        "fast-levenshtein": "~2.0.6",
        "levn": "~0.3.0",
        "prelude-ls": "~1.1.2",
        "type-check": "~0.3.2",
        "word-wrap": "~1.2.3"
      },
      "engines": {
        "node": ">= 0.8.0"
      }
    },
    "node_modules/playwright": {
      "version": "1.47.1",
      "resolved": "https://registry.npmjs.org/playwright/-/playwright-1.47.1.tgz",
      "integrity": "sha512-SUEKi6947IqYbKxRiqnbUobVZY4bF1uu+ZnZNJX9DfU1tlf2UhWfvVjLf01pQx9URsOr18bFVUKXmanYWhbfkw==",
      "dev": true,
      "dependencies": {
        "playwright-core": "1.47.1"
      },
      "bin": {
        "playwright": "cli.js"
      },
      "engines": {
        "node": ">=18"
      },
      "optionalDependencies": {
        "fsevents": "2.3.2"
      }
    },
    "node_modules/playwright-core": {
      "version": "1.47.1",
      "resolved": "https://registry.npmjs.org/playwright-core/-/playwright-core-1.47.1.tgz",
      "integrity": "sha512-i1iyJdLftqtt51mEk6AhYFaAJCDx0xQ/O5NU8EKaWFgMjItPVma542Nh/Aq8aLCjIJSzjaiEQGW/nyqLkGF1OQ==",
      "dev": true,
      "bin": {
        "playwright-core": "cli.js"
      },
      "engines": {
        "node": ">=18"
      }
    },
    "node_modules/prelude-ls": {
      "version": "1.1.2",
      "resolved": "https://registry.npmjs.org/prelude-ls/-/prelude-ls-1.1.2.tgz",
      "integrity": "sha512-ESF23V4SKG6lVSGZgYNpbsiaAkdab6ZgOxe52p7+Kid3W3u3bxR4Vfd/o21dmN7jSt0IwgZ4v5MUd26FEtXE9w==",
      "engines": {
        "node": ">= 0.8.0"
      }
    },
    "node_modules/rfdc": {
      "version": "1.4.1",
      "resolved": "https://registry.npmjs.org/rfdc/-/rfdc-1.4.1.tgz",
      "integrity": "sha512-q1b3N5QkRUWUl7iyylaaj3kOpIT0N2i9MqIEQXP73GVsN9cw3fdx8X63cEmWhJGi2PPCF23Ijp7ktmd39rawIA==",
      "dev": true
    },
    "node_modules/source-map": {
      "version": "0.6.1",
      "resolved": "https://registry.npmjs.org/source-map/-/source-map-0.6.1.tgz",
      "integrity": "sha512-UjgapumWlbMhkBgzT7Ykc5YXUT46F0iKu8SGXq0bcwP5dz/h0Plj6enJqjz1Zbq2l5WaqYnrVbwWOWMyF3F47g==",
      "optional": true,
      "engines": {
        "node": ">=0.10.0"
      }
    },
    "node_modules/static-eval": {
      "version": "2.0.2",
      "resolved": "https://registry.npmjs.org/static-eval/-/static-eval-2.0.2.tgz",
      "integrity": "sha512-N/D219Hcr2bPjLxPiV+TQE++Tsmrady7TqAJugLy7Xk1EumfDWS/f5dtBbkRCGE7wKKXuYockQoj8Rm2/pVKyg==",
      "dependencies": {
        "escodegen": "^1.8.1"
      }
    },
    "node_modules/streamroller": {
      "version": "3.1.5",
      "resolved": "https://registry.npmjs.org/streamroller/-/streamroller-3.1.5.tgz",
      "integrity": "sha512-KFxaM7XT+irxvdqSP1LGLgNWbYN7ay5owZ3r/8t77p+EtSUAfUgtl7be3xtqtOmGUl9K9YPO2ca8133RlTjvKw==",
      "dev": true,
      "dependencies": {
        "date-format": "^4.0.14",
        "debug": "^4.3.4",
        "fs-extra": "^8.1.0"
      },
      "engines": {
        "node": ">=8.0"
      }
    },
    "node_modules/type-check": {
      "version": "0.3.2",
      "resolved": "https://registry.npmjs.org/type-check/-/type-check-0.3.2.tgz",
      "integrity": "sha512-ZCmOJdvOWDBYJlzAoFkC+Q0+bUyEOS1ltgp1MGU03fqHG+dbi9tBFU2Rd9QKiDZFAYrhPh2JUf7rZRIuHRKtOg==",
      "dependencies": {
        "prelude-ls": "~1.1.2"
      },
      "engines": {
        "node": ">= 0.8.0"
      }
    },
    "node_modules/underscore": {
      "version": "1.12.1",
      "resolved": "https://registry.npmjs.org/underscore/-/underscore-1.12.1.tgz",
      "integrity": "sha512-hEQt0+ZLDVUMhebKxL4x1BTtDY7bavVofhZ9KZ4aI26X9SRaE+Y3m83XUL1UP2jn8ynjndwCCpEHdUG+9pP1Tw=="
    },
    "node_modules/undici-types": {
      "version": "6.19.8",
      "resolved": "https://registry.npmjs.org/undici-types/-/undici-types-6.19.8.tgz",
      "integrity": "sha512-ve2KP6f/JnbPBFyobGHuerC9g1FYGn/F8n1LWTwNxCEzd6IfqTwUQcNXgEtmmQ6DlRrC1hrSrBnCZPokRrDHjw==",
      "dev": true
    },
    "node_modules/universalify": {
      "version": "0.1.2",
      "resolved": "https://registry.npmjs.org/universalify/-/universalify-0.1.2.tgz",
      "integrity": "sha512-rBJeI5CXAlmy1pV+617WB9J63U6XcazHHF2f2dbJix4XzpUF0RS3Zbj0FGIOCAva5P/d/GBOYaACQ1w+0azUkg==",
      "dev": true,
      "engines": {
        "node": ">= 4.0.0"
      }
    },
    "node_modules/word-wrap": {
      "version": "1.2.5",
      "resolved": "https://registry.npmjs.org/word-wrap/-/word-wrap-1.2.5.tgz",
      "integrity": "sha512-BN22B5eaMMI9UMtjrGd5g5eCYPpCPDUy0FJXbYsaT5zYxjFOckS53SQDE3pWkVoWpHXVb3BrYcEN4Twa55B5cA==",
      "engines": {
        "node": ">=0.10.0"
      }
    }
  }
}
